PODS:
  - Debuggy (0.1.0)
  - iOSSnapshotTestCase (6.1.0):
    - iOSSnapshotTestCase/SwiftSupport (= 6.1.0)
  - iOSSnapshotTestCase/Core (6.1.0)
  - iOSSnapshotTestCase/SwiftSupport (6.1.0):
    - iOSSnapshotTestCase/Core
  - Nimble (8.0.5)
  - Nimble-Snapshots (8.0.0):
    - Nimble-Snapshots/Core (= 8.0.0)
  - Nimble-Snapshots/Core (8.0.0):
    - iOSSnapshotTestCase (~> 6.0)
    - Nimble (~> 8.0)
  - Quick (2.2.0)

DEPENDENCIES:
  - Debuggy (from `../`)
  - Nimble (~> 8.0.5)
  - Nimble-Snapshots (~> 8.0.0)
  - Quick (~> 2.2.0)

SPEC REPOS:
  https://github.com/CocoaPods/Specs.git:
    - iOSSnapshotTestCase
    - Nimble-Snapshots
  trunk:
    - Nimble
    - Quick

EXTERNAL SOURCES:
  Debuggy:
    :path: "../"

SPEC CHECKSUMS:
  Debuggy: ca87fc6aa77670008facec7ad171edafe7538a5c
  iOSSnapshotTestCase: 30d540b0c8feb9d7f8ff97acc25a3804b48ee264
  Nimble: 4ab1aeb9b45553c75b9687196b0fa0713170a332
  Nimble-Snapshots: 8ec63f41ce6c7229a17be9a64edbc123b181f75b
  Quick: 7fb19e13be07b5dfb3b90d4f9824c855a11af40e

PODFILE CHECKSUM: eee145525a41220d2df0418c2b0fe0f5af10dd4a

COCOAPODS: 1.8.4
